// !$*UTF8*$!
{
	archiveVersion = 1;
	classes = {
	};
	objectVersion = 56;
	objects = {

/* Begin PBXBuildFile section */
		509333EE2A5799520050DAAE /* hdelibc.cpp in Sources */ = {isa = PBXBuildFile; fileRef = 509333EC2A5799520050DAAE /* hdelibc.cpp */; };
		509333EF2A5799520050DAAE /* hdelibc.hpp in Headers */ = {isa = PBXBuildFile; fileRef = 509333ED2A5799520050DAAE /* hdelibc.hpp */; };
		509333F42A579A7A0050DAAE /* SimpleSocket.cpp in Sources */ = {isa = PBXBuildFile; fileRef = 509333F22A579A7A0050DAAE /* SimpleSocket.cpp */; };
		509333F52A579A7A0050DAAE /* SimpleSocket.hpp in Headers */ = {isa = PBXBuildFile; fileRef = 509333F32A579A7A0050DAAE /* SimpleSocket.hpp */; };
		509333F82A58C2D60050DAAE /* BindingSocket.cpp in Sources */ = {isa = PBXBuildFile; fileRef = 509333F62A58C2D60050DAAE /* BindingSocket.cpp */; };
		509333F92A58C2D60050DAAE /* BindingSocket.hpp in Headers */ = {isa = PBXBuildFile; fileRef = 509333F72A58C2D60050DAAE /* BindingSocket.hpp */; };
		509333FC2A58D4100050DAAE /* ConnectingSocket.cpp in Sources */ = {isa = PBXBuildFile; fileRef = 509333FA2A58D4100050DAAE /* ConnectingSocket.cpp */; };
		509333FD2A58D4100050DAAE /* ConnectingSocket.hpp in Headers */ = {isa = PBXBuildFile; fileRef = 509333FB2A58D4100050DAAE /* ConnectingSocket.hpp */; };
		509334002A58DE080050DAAE /* ListeningSocket.cpp in Sources */ = {isa = PBXBuildFile; fileRef = 509333FE2A58DE080050DAAE /* ListeningSocket.cpp */; };
		509334012A58DE080050DAAE /* ListeningSocket.hpp in Headers */ = {isa = PBXBuildFile; fileRef = 509333FF2A58DE080050DAAE /* ListeningSocket.hpp */; };
		509334052A58F5D90050DAAE /* hdelibc-sockets.cpp in Sources */ = {isa = PBXBuildFile; fileRef = 509334032A58F5D90050DAAE /* hdelibc-sockets.cpp */; };
		509334062A58F5D90050DAAE /* hdelibc-sockets.hpp in Headers */ = {isa = PBXBuildFile; fileRef = 509334042A58F5D90050DAAE /* hdelibc-sockets.hpp */; };
		509334092A594B2A0050DAAE /* hdelibc-networking.cpp in Sources */ = {isa = PBXBuildFile; fileRef = 509334072A594B2A0050DAAE /* hdelibc-networking.cpp */; };
		5093340A2A594B2B0050DAAE /* hdelibc-networking.hpp in Headers */ = {isa = PBXBuildFile; fileRef = 509334082A594B2A0050DAAE /* hdelibc-networking.hpp */; };
		509334102A5A0D2A0050DAAE /* SimpleServer.cpp in Sources */ = {isa = PBXBuildFile; fileRef = 5093340E2A5A0D2A0050DAAE /* SimpleServer.cpp */; };
		509334112A5A0D2A0050DAAE /* SimpleServer.hpp in Headers */ = {isa = PBXBuildFile; fileRef = 5093340F2A5A0D2A0050DAAE /* SimpleServer.hpp */; };
		509334142A5A12AF0050DAAE /* TestServer.cpp in Sources */ = {isa = PBXBuildFile; fileRef = 509334122A5A12AF0050DAAE /* TestServer.cpp */; };
		509334152A5A12AF0050DAAE /* TestServer.hpp in Headers */ = {isa = PBXBuildFile; fileRef = 509334132A5A12AF0050DAAE /* TestServer.hpp */; };
		509334172A5A1A1E0050DAAE /* main.cpp in Sources */ = {isa = PBXBuildFile; fileRef = 509334162A5A1A1E0050DAAE /* main.cpp */; };
/* End PBXBuildFile section */

/* Begin PBXFileReference section */
		509333E52A57991C0050DAAE /* libWebServerLib.dylib */ = {isa = PBXFileReference; explicitFileType = "compiled.mach-o.dylib"; includeInIndex = 0; path = libWebServerLib.dylib; sourceTree = BUILT_PRODUCTS_DIR; };
		509333EC2A5799520050DAAE /* hdelibc.cpp */ = {isa = PBXFileReference; lastKnownFileType = sourcecode.cpp.cpp; path = hdelibc.cpp; sourceTree = "<group>"; };
		509333ED2A5799520050DAAE /* hdelibc.hpp */ = {isa = PBXFileReference; lastKnownFileType = sourcecode.cpp.h; path = hdelibc.hpp; sourceTree = "<group>"; };
		509333F22A579A7A0050DAAE /* SimpleSocket.cpp */ = {isa = PBXFileReference; lastKnownFileType = sourcecode.cpp.cpp; path = SimpleSocket.cpp; sourceTree = "<group>"; };
		509333F32A579A7A0050DAAE /* SimpleSocket.hpp */ = {isa = PBXFileReference; lastKnownFileType = sourcecode.cpp.h; path = SimpleSocket.hpp; sourceTree = "<group>"; };
		509333F62A58C2D60050DAAE /* BindingSocket.cpp */ = {isa = PBXFileReference; lastKnownFileType = sourcecode.cpp.cpp; path = BindingSocket.cpp; sourceTree = "<group>"; };
		509333F72A58C2D60050DAAE /* BindingSocket.hpp */ = {isa = PBXFileReference; lastKnownFileType = sourcecode.cpp.h; path = BindingSocket.hpp; sourceTree = "<group>"; };
		509333FA2A58D4100050DAAE /* ConnectingSocket.cpp */ = {isa = PBXFileReference; lastKnownFileType = sourcecode.cpp.cpp; path = ConnectingSocket.cpp; sourceTree = "<group>"; };
		509333FB2A58D4100050DAAE /* ConnectingSocket.hpp */ = {isa = PBXFileReference; lastKnownFileType = sourcecode.cpp.h; path = ConnectingSocket.hpp; sourceTree = "<group>"; };
		509333FE2A58DE080050DAAE /* ListeningSocket.cpp */ = {isa = PBXFileReference; lastKnownFileType = sourcecode.cpp.cpp; path = ListeningSocket.cpp; sourceTree = "<group>"; };
		509333FF2A58DE080050DAAE /* ListeningSocket.hpp */ = {isa = PBXFileReference; lastKnownFileType = sourcecode.cpp.h; path = ListeningSocket.hpp; sourceTree = "<group>"; };
		509334032A58F5D90050DAAE /* hdelibc-sockets.cpp */ = {isa = PBXFileReference; lastKnownFileType = sourcecode.cpp.cpp; path = "hdelibc-sockets.cpp"; sourceTree = "<group>"; };
		509334042A58F5D90050DAAE /* hdelibc-sockets.hpp */ = {isa = PBXFileReference; lastKnownFileType = sourcecode.cpp.h; path = "hdelibc-sockets.hpp"; sourceTree = "<group>"; };
		509334072A594B2A0050DAAE /* hdelibc-networking.cpp */ = {isa = PBXFileReference; lastKnownFileType = sourcecode.cpp.cpp; path = "hdelibc-networking.cpp"; sourceTree = "<group>"; };
		509334082A594B2A0050DAAE /* hdelibc-networking.hpp */ = {isa = PBXFileReference; lastKnownFileType = sourcecode.cpp.h; path = "hdelibc-networking.hpp"; sourceTree = "<group>"; };
		5093340E2A5A0D2A0050DAAE /* SimpleServer.cpp */ = {isa = PBXFileReference; lastKnownFileType = sourcecode.cpp.cpp; path = SimpleServer.cpp; sourceTree = "<group>"; };
		5093340F2A5A0D2A0050DAAE /* SimpleServer.hpp */ = {isa = PBXFileReference; lastKnownFileType = sourcecode.cpp.h; path = SimpleServer.hpp; sourceTree = "<group>"; };
		509334122A5A12AF0050DAAE /* TestServer.cpp */ = {isa = PBXFileReference; lastKnownFileType = sourcecode.cpp.cpp; path = TestServer.cpp; sourceTree = "<group>"; };
		509334132A5A12AF0050DAAE /* TestServer.hpp */ = {isa = PBXFileReference; lastKnownFileType = sourcecode.cpp.h; path = TestServer.hpp; sourceTree = "<group>"; };
		509334162A5A1A1E0050DAAE /* main.cpp */ = {isa = PBXFileReference; lastKnownFileType = sourcecode.cpp.cpp; path = main.cpp; sourceTree = "<group>"; };
/* End PBXFileReference section */

/* Begin PBXFrameworksBuildPhase section */
		509333E32A57991C0050DAAE /* Frameworks */ = {
			isa = PBXFrameworksBuildPhase;
			buildActionMask = 2147483647;
			files = (
			);
			runOnlyForDeploymentPostprocessing = 0;
		};
/* End PBXFrameworksBuildPhase section */

/* Begin PBXGroup section */
		509333DC2A57991C0050DAAE = {
			isa = PBXGroup;
			children = (
				509333EC2A5799520050DAAE /* hdelibc.cpp */,
				509333ED2A5799520050DAAE /* hdelibc.hpp */,
				509333F12A579A2B0050DAAE /* Networking */,
				509333E62A57991C0050DAAE /* Products */,
			);
			sourceTree = "<group>";
		};
		509333E62A57991C0050DAAE /* Products */ = {
			isa = PBXGroup;
			children = (
				509333E52A57991C0050DAAE /* libWebServerLib.dylib */,
			);
			name = Products;
			sourceTree = "<group>";
		};
		509333F12A579A2B0050DAAE /* Networking */ = {
			isa = PBXGroup;
			children = (
				509334072A594B2A0050DAAE /* hdelibc-networking.cpp */,
				509334082A594B2A0050DAAE /* hdelibc-networking.hpp */,
				5093340D2A5A0D010050DAAE /* Servers */,
				509334022A58F57D0050DAAE /* Sockets */,
			);
			path = Networking;
			sourceTree = "<group>";
		};
		509334022A58F57D0050DAAE /* Sockets */ = {
			isa = PBXGroup;
			children = (
				509334032A58F5D90050DAAE /* hdelibc-sockets.cpp */,
				509334042A58F5D90050DAAE /* hdelibc-sockets.hpp */,
				509333F22A579A7A0050DAAE /* SimpleSocket.cpp */,
				509333F32A579A7A0050DAAE /* SimpleSocket.hpp */,
				509333F62A58C2D60050DAAE /* BindingSocket.cpp */,
				509333F72A58C2D60050DAAE /* BindingSocket.hpp */,
				509333FA2A58D4100050DAAE /* ConnectingSocket.cpp */,
				509333FB2A58D4100050DAAE /* ConnectingSocket.hpp */,
				509333FE2A58DE080050DAAE /* ListeningSocket.cpp */,
				509333FF2A58DE080050DAAE /* ListeningSocket.hpp */,
			);
			path = Sockets;
			sourceTree = "<group>";
		};
		5093340D2A5A0D010050DAAE /* Servers */ = {
			isa = PBXGroup;
			children = (
				5093340E2A5A0D2A0050DAAE /* SimpleServer.cpp */,
				5093340F2A5A0D2A0050DAAE /* SimpleServer.hpp */,
				509334122A5A12AF0050DAAE /* TestServer.cpp */,
				509334132A5A12AF0050DAAE /* TestServer.hpp */,
				509334162A5A1A1E0050DAAE /* main.cpp */,
			);
			path = Servers;
			sourceTree = "<group>";
		};
/* End PBXGroup section */

/* Begin PBXHeadersBuildPhase section */
		509333E12A57991C0050DAAE /* Headers */ = {
			isa = PBXHeadersBuildPhase;
			buildActionMask = 2147483647;
			files = (
				509333EF2A5799520050DAAE /* hdelibc.hpp in Headers */,
				5093340A2A594B2B0050DAAE /* hdelibc-networking.hpp in Headers */,
				509334062A58F5D90050DAAE /* hdelibc-sockets.hpp in Headers */,
				509333F92A58C2D60050DAAE /* BindingSocket.hpp in Headers */,
				509333F52A579A7A0050DAAE /* SimpleSocket.hpp in Headers */,
				509334012A58DE080050DAAE /* ListeningSocket.hpp in Headers */,
				509333FD2A58D4100050DAAE /* ConnectingSocket.hpp in Headers */,
				509334112A5A0D2A0050DAAE /* SimpleServer.hpp in Headers */,
				509334152A5A12AF0050DAAE /* TestServer.hpp in Headers */,
			);
			runOnlyForDeploymentPostprocessing = 0;
		};
/* End PBXHeadersBuildPhase section */

/* Begin PBXNativeTarget section */
		509333E42A57991C0050DAAE /* WebServerLib */ = {
			isa = PBXNativeTarget;
			buildConfigurationList = 509333E92A57991C0050DAAE /* Build configuration list for PBXNativeTarget "WebServerLib" */;
			buildPhases = (
				509333E12A57991C0050DAAE /* Headers */,
				509333E22A57991C0050DAAE /* Sources */,
				509333E32A57991C0050DAAE /* Frameworks */,
			);
			buildRules = (
			);
			dependencies = (
			);
			name = WebServerLib;
			productName = WebServerLib;
			productReference = 509333E52A57991C0050DAAE /* libWebServerLib.dylib */;
			productType = "com.apple.product-type.library.dynamic";
		};
/* End PBXNativeTarget section */

/* Begin PBXProject section */
		509333DD2A57991C0050DAAE /* Project object */ = {
			isa = PBXProject;
			attributes = {
				BuildIndependentTargetsInParallel = 1;
				LastUpgradeCheck = 1430;
				TargetAttributes = {
					509333E42A57991C0050DAAE = {
						CreatedOnToolsVersion = 14.3.1;
					};
				};
			};
			buildConfigurationList = 509333E02A57991C0050DAAE /* Build configuration list for PBXProject "WebServerLib" */;
			compatibilityVersion = "Xcode 14.0";
			developmentRegion = en;
			hasScannedForEncodings = 0;
			knownRegions = (
				en,
				Base,
			);
			mainGroup = 509333DC2A57991C0050DAAE;
			productRefGroup = 509333E62A57991C0050DAAE /* Products */;
			projectDirPath = "";
			projectRoot = "";
			targets = (
				509333E42A57991C0050DAAE /* WebServerLib */,
			);
		};
/* End PBXProject section */

/* Begin PBXSourcesBuildPhase section */
		509333E22A57991C0050DAAE /* Sources */ = {
			isa = PBXSourcesBuildPhase;
			buildActionMask = 2147483647;
			files = (
				509333F42A579A7A0050DAAE /* SimpleSocket.cpp in Sources */,
				509334102A5A0D2A0050DAAE /* SimpleServer.cpp in Sources */,
				509333F82A58C2D60050DAAE /* BindingSocket.cpp in Sources */,
				509333FC2A58D4100050DAAE /* ConnectingSocket.cpp in Sources */,
				509334002A58DE080050DAAE /* ListeningSocket.cpp in Sources */,
				509334092A594B2A0050DAAE /* hdelibc-networking.cpp in Sources */,
				509334052A58F5D90050DAAE /* hdelibc-sockets.cpp in Sources */,
				509334142A5A12AF0050DAAE /* TestServer.cpp in Sources */,
				509334172A5A1A1E0050DAAE /* main.cpp in Sources */,
				509333EE2A5799520050DAAE /* hdelibc.cpp in Sources */,
			);
			runOnlyForDeploymentPostprocessing = 0;
		};
/* End PBXSourcesBuildPhase section */

/* Begin XCBuildConfiguration section */
		509333E72A57991C0050DAAE /* Debug */ = {
			isa = XCBuildConfiguration;
			buildSettings = {
				ALWAYS_SEARCH_USER_PATHS = NO;
				CLANG_ANALYZER_NONNULL = YES;
				CLANG_ANALYZER_NUMBER_OBJECT_CONVERSION = YES_AGGRESSIVE;
				CLANG_CXX_LANGUAGE_STANDARD = "gnu++20";
				CLANG_ENABLE_MODULES = YES;
				CLANG_ENABLE_OBJC_ARC = YES;
				CLANG_ENABLE_OBJC_WEAK = YES;
				CLANG_WARN_BLOCK_CAPTURE_AUTORELEASING = YES;
				CLANG_WARN_BOOL_CONVERSION = YES;
				CLANG_WARN_COMMA = YES;
				CLANG_WARN_CONSTANT_CONVERSION = YES;
				CLANG_WARN_DEPRECATED_OBJC_IMPLEMENTATIONS = YES;
				CLANG_WARN_DIRECT_OBJC_ISA_USAGE = YES_ERROR;
				CLANG_WARN_DOCUMENTATION_COMMENTS = YES;
				CLANG_WARN_EMPTY_BODY = YES;
				CLANG_WARN_ENUM_CONVERSION = YES;
				CLANG_WARN_INFINITE_RECURSION = YES;
				CLANG_WARN_INT_CONVERSION = YES;
				CLANG_WARN_NON_LITERAL_NULL_CONVERSION = YES;
				CLANG_WARN_OBJC_IMPLICIT_RETAIN_SELF = YES;
				CLANG_WARN_OBJC_LITERAL_CONVERSION = YES;
				CLANG_WARN_OBJC_ROOT_CLASS = YES_ERROR;
				CLANG_WARN_QUOTED_INCLUDE_IN_FRAMEWORK_HEADER = YES;
				CLANG_WARN_RANGE_LOOP_ANALYSIS = YES;
				CLANG_WARN_STRICT_PROTOTYPES = YES;
				CLANG_WARN_SUSPICIOUS_MOVE = YES;
				CLANG_WARN_UNGUARDED_AVAILABILITY = YES_AGGRESSIVE;
				CLANG_WARN_UNREACHABLE_CODE = YES;
				CLANG_WARN__DUPLICATE_METHOD_MATCH = YES;
				COPY_PHASE_STRIP = NO;
				DEBUG_INFORMATION_FORMAT = dwarf;
				ENABLE_STRICT_OBJC_MSGSEND = YES;
				ENABLE_TESTABILITY = YES;
				GCC_C_LANGUAGE_STANDARD = gnu11;
				GCC_DYNAMIC_NO_PIC = NO;
				GCC_NO_COMMON_BLOCKS = YES;
				GCC_OPTIMIZATION_LEVEL = 0;
				GCC_PREPROCESSOR_DEFINITIONS = (
					"DEBUG=1",
					"$(inherited)",
				);
				GCC_WARN_64_TO_32_BIT_CONVERSION = YES;
				GCC_WARN_ABOUT_RETURN_TYPE = YES_ERROR;
				GCC_WARN_UNDECLARED_SELECTOR = YES;
				GCC_WARN_UNINITIALIZED_AUTOS = YES_AGGRESSIVE;
				GCC_WARN_UNUSED_FUNCTION = YES;
				GCC_WARN_UNUSED_VARIABLE = YES;
				MACOSX_DEPLOYMENT_TARGET = 13.1;
				MTL_ENABLE_DEBUG_INFO = INCLUDE_SOURCE;
				MTL_FAST_MATH = YES;
				ONLY_ACTIVE_ARCH = YES;
				SDKROOT = macosx;
			};
			name = Debug;
		};
		509333E82A57991C0050DAAE /* Release */ = {
			isa = XCBuildConfiguration;
			buildSettings = {
				ALWAYS_SEARCH_USER_PATHS = NO;
				CLANG_ANALYZER_NONNULL = YES;
				CLANG_ANALYZER_NUMBER_OBJECT_CONVERSION = YES_AGGRESSIVE;
				CLANG_CXX_LANGUAGE_STANDARD = "gnu++20";
				CLANG_ENABLE_MODULES = YES;
				CLANG_ENABLE_OBJC_ARC = YES;
				CLANG_ENABLE_OBJC_WEAK = YES;
				CLANG_WARN_BLOCK_CAPTURE_AUTORELEASING = YES;
				CLANG_WARN_BOOL_CONVERSION = YES;
				CLANG_WARN_COMMA = YES;
				CLANG_WARN_CONSTANT_CONVERSION = YES;
				CLANG_WARN_DEPRECATED_OBJC_IMPLEMENTATIONS = YES;
				CLANG_WARN_DIRECT_OBJC_ISA_USAGE = YES_ERROR;
				CLANG_WARN_DOCUMENTATION_COMMENTS = YES;
				CLANG_WARN_EMPTY_BODY = YES;
				CLANG_WARN_ENUM_CONVERSION = YES;
				CLANG_WARN_INFINITE_RECURSION = YES;
				CLANG_WARN_INT_CONVERSION = YES;
				CLANG_WARN_NON_LITERAL_NULL_CONVERSION = YES;
				CLANG_WARN_OBJC_IMPLICIT_RETAIN_SELF = YES;
				CLANG_WARN_OBJC_LITERAL_CONVERSION = YES;
				CLANG_WARN_OBJC_ROOT_CLASS = YES_ERROR;
				CLANG_WARN_QUOTED_INCLUDE_IN_FRAMEWORK_HEADER = YES;
				CLANG_WARN_RANGE_LOOP_ANALYSIS = YES;
				CLANG_WARN_STRICT_PROTOTYPES = YES;
				CLANG_WARN_SUSPICIOUS_MOVE = YES;
				CLANG_WARN_UNGUARDED_AVAILABILITY = YES_AGGRESSIVE;
				CLANG_WARN_UNREACHABLE_CODE = YES;
				CLANG_WARN__DUPLICATE_METHOD_MATCH = YES;
				COPY_PHASE_STRIP = NO;
				DEBUG_INFORMATION_FORMAT = "dwarf-with-dsym";
				ENABLE_NS_ASSERTIONS = NO;
				ENABLE_STRICT_OBJC_MSGSEND = YES;
				GCC_C_LANGUAGE_STANDARD = gnu11;
				GCC_NO_COMMON_BLOCKS = YES;
				GCC_WARN_64_TO_32_BIT_CONVERSION = YES;
				GCC_WARN_ABOUT_RETURN_TYPE = YES_ERROR;
				GCC_WARN_UNDECLARED_SELECTOR = YES;
				GCC_WARN_UNINITIALIZED_AUTOS = YES_AGGRESSIVE;
				GCC_WARN_UNUSED_FUNCTION = YES;
				GCC_WARN_UNUSED_VARIABLE = YES;
				MACOSX_DEPLOYMENT_TARGET = 13.1;
				MTL_ENABLE_DEBUG_INFO = NO;
				MTL_FAST_MATH = YES;
				SDKROOT = macosx;
			};
			name = Release;
		};
		509333EA2A57991C0050DAAE /* Debug */ = {
			isa = XCBuildConfiguration;
			buildSettings = {
				CODE_SIGN_STYLE = Automatic;
				DYLIB_COMPATIBILITY_VERSION = 1;
				DYLIB_CURRENT_VERSION = 1;
				EXECUTABLE_PREFIX = lib;
				PRODUCT_NAME = "$(TARGET_NAME)";
				SKIP_INSTALL = YES;
			};
			name = Debug;
		};
		509333EB2A57991C0050DAAE /* Release */ = {
			isa = XCBuildConfiguration;
			buildSettings = {
				CODE_SIGN_STYLE = Automatic;
				DYLIB_COMPATIBILITY_VERSION = 1;
				DYLIB_CURRENT_VERSION = 1;
				EXECUTABLE_PREFIX = lib;
				PRODUCT_NAME = "$(TARGET_NAME)";
				SKIP_INSTALL = YES;
			};
			name = Release;
		};
/* End XCBuildConfiguration section */

/* Begin XCConfigurationList section */
		509333E02A57991C0050DAAE /* Build configuration list for PBXProject "WebServerLib" */ = {
			isa = XCConfigurationList;
			buildConfigurations = (
				509333E72A57991C0050DAAE /* Debug */,
				509333E82A57991C0050DAAE /* Release */,
			);
			defaultConfigurationIsVisible = 0;
			defaultConfigurationName = Release;
		};
		509333E92A57991C0050DAAE /* Build configuration list for PBXNativeTarget "WebServerLib" */ = {
			isa = XCConfigurationList;
			buildConfigurations = (
				509333EA2A57991C0050DAAE /* Debug */,
				509333EB2A57991C0050DAAE /* Release */,
			);
			defaultConfigurationIsVisible = 0;
			defaultConfigurationName = Release;
		};
/* End XCConfigurationList section */
	};
	rootObject = 509333DD2A57991C0050DAAE /* Project object */;
}
